
Microsoft Visual Studio Solution File, Format Version 12.00
# Visual Studio 15
Project("{FAE04EC0-301F-11D3-BF4B-00C04F79EFBC}") = "SpaceShooterRepo", "SpaceShooterRepo.csproj", "{CF57C1F4-B8D1-4810-10AA-FD7ECFA59502}"
EndProject
Project("{FAE04EC0-301F-11D3-BF4B-00C04F79EFBC}") = "SpaceShooterRepo.Editor", "SpaceShooterRepo.Editor.csproj", "{355113EC-9920-AAFB-AD78-3B0A5E4BD92E}"
EndProject
Global
	GlobalSection(SolutionConfigurationPlatforms) = preSolution
		Debug|Any CPU = Debug|Any CPU
		Release|Any CPU = Release|Any CPU
	EndGlobalSection
	GlobalSection(ProjectConfigurationPlatforms) = postSolution
		{CF57C1F4-B8D1-4810-10AA-FD7ECFA59502}.Debug|Any CPU.ActiveCfg = Debug|Any CPU
		{CF57C1F4-B8D1-4810-10AA-FD7ECFA59502}.Debug|Any CPU.Build.0 = Debug|Any CPU
		{CF57C1F4-B8D1-4810-10AA-FD7ECFA59502}.Release|Any CPU.ActiveCfg = Release|Any CPU
		{CF57C1F4-B8D1-4810-10AA-FD7ECFA59502}.Release|Any CPU.Build.0 = Release|Any CPU
		{355113EC-9920-AAFB-AD78-3B0A5E4BD92E}.Debug|Any CPU.ActiveCfg = Debug|Any CPU
		{355113EC-9920-AAFB-AD78-3B0A5E4BD92E}.Debug|Any CPU.Build.0 = Debug|Any CPU
		{355113EC-9920-AAFB-AD78-3B0A5E4BD92E}.Release|Any CPU.ActiveCfg = Release|Any CPU
		{355113EC-9920-AAFB-AD78-3B0A5E4BD92E}.Release|Any CPU.Build.0 = Release|Any CPU
	EndGlobalSection
	GlobalSection(SolutionProperties) = preSolution
		HideSolutionNode = FALSE
	EndGlobalSection
EndGlobal
